
Microsoft Visual Studio Solution File, Format Version 12.00
# Visual Studio Version 17
VisualStudioVersion = 17.9.34728.123
MinimumVisualStudioVersion = 10.0.40219.1
Project("{9A19103F-16F7-4668-BE54-9A1E7A4F7556}") = "OxygenFix", "VisualStudio\OxygenFix.csproj", "{8D3CFB02-CE03-44D0-9DF3-417B661FA0EA}"
EndProject
Global
	GlobalSection(SolutionConfigurationPlatforms) = preSolution
		Debug|Any CPU = Debug|Any CPU
		Release|Any CPU = Release|Any CPU
	EndGlobalSection
	GlobalSection(ProjectConfigurationPlatforms) = postSolution
		{8D3CFB02-CE03-44D0-9DF3-417B661FA0EA}.Debug|Any CPU.ActiveCfg = Debug|Any CPU
		{8D3CFB02-CE03-44D0-9DF3-417B661FA0EA}.Debug|Any CPU.Build.0 = Debug|Any CPU
		{8D3CFB02-CE03-44D0-9DF3-417B661FA0EA}.Release|Any CPU.ActiveCfg = Release|Any CPU
		{8D3CFB02-CE03-44D0-9DF3-417B661FA0EA}.Release|Any CPU.Build.0 = Release|Any CPU
	EndGlobalSection
	GlobalSection(SolutionProperties) = preSolution
		HideSolutionNode = FALSE
	EndGlobalSection
	GlobalSection(ExtensibilityGlobals) = postSolution
		SolutionGuid = {49D1B566-675D-4E21-AD7F-56DC3C7EE0EF}
	EndGlobalSection
EndGlobal
